
Microsoft Visual Studio Solution File, Format Version 12.00
# Visual Studio Version 17
VisualStudioVersion = 17.8.34330.188
MinimumVisualStudioVersion = 10.0.40219.1
Project("{FAE04EC0-301F-11D3-BF4B-00C04F79EFBC}") = "kHeadbreaker", "kHeadbreaker.csproj", "{ED23EEA2-DAE5-4B9A-821F-5BFF659DBD49}"
EndProject
Global
	GlobalSection(SolutionConfigurationPlatforms) = preSolution
		Debug|Any CPU = Debug|Any CPU
		Release|Any CPU = Release|Any CPU
	EndGlobalSection
	GlobalSection(ProjectConfigurationPlatforms) = postSolution
		{ED23EEA2-DAE5-4B9A-821F-5BFF659DBD49}.Debug|Any CPU.ActiveCfg = Debug|Any CPU
		{ED23EEA2-DAE5-4B9A-821F-5BFF659DBD49}.Debug|Any CPU.Build.0 = Debug|Any CPU
		{ED23EEA2-DAE5-4B9A-821F-5BFF659DBD49}.Release|Any CPU.ActiveCfg = Release|Any CPU
		{ED23EEA2-DAE5-4B9A-821F-5BFF659DBD49}.Release|Any CPU.Build.0 = Release|Any CPU
	EndGlobalSection
	GlobalSection(SolutionProperties) = preSolution
		HideSolutionNode = FALSE
	EndGlobalSection
	GlobalSection(ExtensibilityGlobals) = postSolution
		SolutionGuid = {1A38BDB0-BF7E-4CE4-BD6B-2FC4E21EC7C2}
	EndGlobalSection
EndGlobal
